
Microsoft Visual Studio Solution File, Format Version 12.00
# Visual Studio 15
VisualStudioVersion = 15.0.27130.2036
MinimumVisualStudioVersion = 10.0.40219.1
Project("{9A19103F-16F7-4668-BE54-9A1E7A4F7556}") = "01-ConvertFromBase10ToBaseN", "01-ConvertFromBase10ToBaseN\01-ConvertFromBase10ToBaseN.csproj", "{E1DD6BBA-FB75-4CBF-B018-1EE04136FB35}"
EndProject
Project("{9A19103F-16F7-4668-BE54-9A1E7A4F7556}") = "02-ConvertFromBaseNToBase10", "02-ConvertFromBaseNToBase10\02-ConvertFromBaseNToBase10.csproj", "{5CA16208-2159-4342-96CC-4F508DCD1D2F}"
EndProject
Project("{9A19103F-16F7-4668-BE54-9A1E7A4F7556}") = "03-UnicodeCharachters", "03-UnicodeCharachters\03-UnicodeCharachters.csproj", "{2662C9E9-2CE5-4E3E-A57D-95DEB3F3C662}"
EndProject
Project("{9A19103F-16F7-4668-BE54-9A1E7A4F7556}") = "04-CharachterMultiplier", "04-CharachterMultiplier\04-CharachterMultiplier.csproj", "{DE381A20-A0EC-4AE6-9219-53B299CB4C38}"
EndProject
Project("{9A19103F-16F7-4668-BE54-9A1E7A4F7556}") = "05-MagicExchangeableWords", "05-MagicExchangeableWords\05-MagicExchangeableWords.csproj", "{8E61F991-E5D3-4558-9953-B18AF6D0782D}"
EndProject
Project("{9A19103F-16F7-4668-BE54-9A1E7A4F7556}") = "06-SumBigNumbers", "06-SumBigNumbers\06-SumBigNumbers.csproj", "{5DFACC18-0F58-4D26-AA8D-1FA44A89D6D4}"
EndProject
Project("{FAE04EC0-301F-11D3-BF4B-00C04F79EFBC}") = "07-MultiplyBigNumber", "07-MultiplyBigNumber\07-MultiplyBigNumber.csproj", "{C2459627-E054-4525-9032-DF95812E197B}"
EndProject
Project("{FAE04EC0-301F-11D3-BF4B-00C04F79EFBC}") = "08-LettersChangeNumbers", "08-LettersChangeNumbers\08-LettersChangeNumbers.csproj", "{AB5AFA36-7AC6-408F-ACCA-11FE23AAE1F0}"
EndProject
Project("{FAE04EC0-301F-11D3-BF4B-00C04F79EFBC}") = "09-MelrahShake", "09-MelrahShake\09-MelrahShake\09-MelrahShake.csproj", "{16632338-DDFC-429C-A2BD-A1E2097599A8}"
EndProject
Global
	GlobalSection(SolutionConfigurationPlatforms) = preSolution
		Debug|Any CPU = Debug|Any CPU
		Release|Any CPU = Release|Any CPU
	EndGlobalSection
	GlobalSection(ProjectConfigurationPlatforms) = postSolution
		{E1DD6BBA-FB75-4CBF-B018-1EE04136FB35}.Debug|Any CPU.ActiveCfg = Debug|Any CPU
		{E1DD6BBA-FB75-4CBF-B018-1EE04136FB35}.Debug|Any CPU.Build.0 = Debug|Any CPU
		{E1DD6BBA-FB75-4CBF-B018-1EE04136FB35}.Release|Any CPU.ActiveCfg = Release|Any CPU
		{E1DD6BBA-FB75-4CBF-B018-1EE04136FB35}.Release|Any CPU.Build.0 = Release|Any CPU
		{5CA16208-2159-4342-96CC-4F508DCD1D2F}.Debug|Any CPU.ActiveCfg = Debug|Any CPU
		{5CA16208-2159-4342-96CC-4F508DCD1D2F}.Debug|Any CPU.Build.0 = Debug|Any CPU
		{5CA16208-2159-4342-96CC-4F508DCD1D2F}.Release|Any CPU.ActiveCfg = Release|Any CPU
		{5CA16208-2159-4342-96CC-4F508DCD1D2F}.Release|Any CPU.Build.0 = Release|Any CPU
		{2662C9E9-2CE5-4E3E-A57D-95DEB3F3C662}.Debug|Any CPU.ActiveCfg = Debug|Any CPU
		{2662C9E9-2CE5-4E3E-A57D-95DEB3F3C662}.Debug|Any CPU.Build.0 = Debug|Any CPU
		{2662C9E9-2CE5-4E3E-A57D-95DEB3F3C662}.Release|Any CPU.ActiveCfg = Release|Any CPU
		{2662C9E9-2CE5-4E3E-A57D-95DEB3F3C662}.Release|Any CPU.Build.0 = Release|Any CPU
		{DE381A20-A0EC-4AE6-9219-53B299CB4C38}.Debug|Any CPU.ActiveCfg = Debug|Any CPU
		{DE381A20-A0EC-4AE6-9219-53B299CB4C38}.Debug|Any CPU.Build.0 = Debug|Any CPU
		{DE381A20-A0EC-4AE6-9219-53B299CB4C38}.Release|Any CPU.ActiveCfg = Release|Any CPU
		{DE381A20-A0EC-4AE6-9219-53B299CB4C38}.Release|Any CPU.Build.0 = Release|Any CPU
		{8E61F991-E5D3-4558-9953-B18AF6D0782D}.Debug|Any CPU.ActiveCfg = Debug|Any CPU
		{8E61F991-E5D3-4558-9953-B18AF6D0782D}.Debug|Any CPU.Build.0 = Debug|Any CPU
		{8E61F991-E5D3-4558-9953-B18AF6D0782D}.Release|Any CPU.ActiveCfg = Release|Any CPU
		{8E61F991-E5D3-4558-9953-B18AF6D0782D}.Release|Any CPU.Build.0 = Release|Any CPU
		{5DFACC18-0F58-4D26-AA8D-1FA44A89D6D4}.Debug|Any CPU.ActiveCfg = Debug|Any CPU
		{5DFACC18-0F58-4D26-AA8D-1FA44A89D6D4}.Debug|Any CPU.Build.0 = Debug|Any CPU
		{5DFACC18-0F58-4D26-AA8D-1FA44A89D6D4}.Release|Any CPU.ActiveCfg = Release|Any CPU
		{5DFACC18-0F58-4D26-AA8D-1FA44A89D6D4}.Release|Any CPU.Build.0 = Release|Any CPU
		{C2459627-E054-4525-9032-DF95812E197B}.Debug|Any CPU.ActiveCfg = Debug|Any CPU
		{C2459627-E054-4525-9032-DF95812E197B}.Debug|Any CPU.Build.0 = Debug|Any CPU
		{C2459627-E054-4525-9032-DF95812E197B}.Release|Any CPU.ActiveCfg = Release|Any CPU
		{C2459627-E054-4525-9032-DF95812E197B}.Release|Any CPU.Build.0 = Release|Any CPU
		{AB5AFA36-7AC6-408F-ACCA-11FE23AAE1F0}.Debug|Any CPU.ActiveCfg = Debug|Any CPU
		{AB5AFA36-7AC6-408F-ACCA-11FE23AAE1F0}.Debug|Any CPU.Build.0 = Debug|Any CPU
		{AB5AFA36-7AC6-408F-ACCA-11FE23AAE1F0}.Release|Any CPU.ActiveCfg = Release|Any CPU
		{AB5AFA36-7AC6-408F-ACCA-11FE23AAE1F0}.Release|Any CPU.Build.0 = Release|Any CPU
		{16632338-DDFC-429C-A2BD-A1E2097599A8}.Debug|Any CPU.ActiveCfg = Debug|Any CPU
		{16632338-DDFC-429C-A2BD-A1E2097599A8}.Debug|Any CPU.Build.0 = Debug|Any CPU
		{16632338-DDFC-429C-A2BD-A1E2097599A8}.Release|Any CPU.ActiveCfg = Release|Any CPU
		{16632338-DDFC-429C-A2BD-A1E2097599A8}.Release|Any CPU.Build.0 = Release|Any CPU
	EndGlobalSection
	GlobalSection(SolutionProperties) = preSolution
		HideSolutionNode = FALSE
	EndGlobalSection
	GlobalSection(ExtensibilityGlobals) = postSolution
		SolutionGuid = {2EAD5B25-4CD8-42A2-BF0E-B109548E13A7}
	EndGlobalSection
EndGlobal
