
Microsoft Visual Studio Solution File, Format Version 12.00
# Visual Studio 15
VisualStudioVersion = 15.0.27703.2035
MinimumVisualStudioVersion = 10.0.40219.1
Project("{FAE04EC0-301F-11D3-BF4B-00C04F79EFBC}") = "01-SoftUniReception", "01-SoftUniReception\01-SoftUniReception.csproj", "{DB028053-E2A2-4EF9-9515-EC4ADD80C7E3}"
EndProject
Project("{FAE04EC0-301F-11D3-BF4B-00C04F79EFBC}") = "02-SoftUniCoursePlanning", "02-SoftUniCoursePlanning\02-SoftUniCoursePlanning.csproj", "{D9D89509-951A-41DF-B66E-13D73EEF6BB5}"
EndProject
Project("{FAE04EC0-301F-11D3-BF4B-00C04F79EFBC}") = "03-SoftUniBarIncome", "03-SoftUniBarIncome\03-SoftUniBarIncome.csproj", "{0179245B-8D08-4DFB-BB05-8B617FB69718}"
EndProject
Project("{FAE04EC0-301F-11D3-BF4B-00C04F79EFBC}") = "04-SoftUniExamResults", "04-SoftUniExamResults\04-SoftUniExamResults.csproj", "{91D975FD-677D-41DB-8218-93D090CFAF81}"
EndProject
Global
	GlobalSection(SolutionConfigurationPlatforms) = preSolution
		Debug|Any CPU = Debug|Any CPU
		Release|Any CPU = Release|Any CPU
	EndGlobalSection
	GlobalSection(ProjectConfigurationPlatforms) = postSolution
		{DB028053-E2A2-4EF9-9515-EC4ADD80C7E3}.Debug|Any CPU.ActiveCfg = Debug|Any CPU
		{DB028053-E2A2-4EF9-9515-EC4ADD80C7E3}.Debug|Any CPU.Build.0 = Debug|Any CPU
		{DB028053-E2A2-4EF9-9515-EC4ADD80C7E3}.Release|Any CPU.ActiveCfg = Release|Any CPU
		{DB028053-E2A2-4EF9-9515-EC4ADD80C7E3}.Release|Any CPU.Build.0 = Release|Any CPU
		{D9D89509-951A-41DF-B66E-13D73EEF6BB5}.Debug|Any CPU.ActiveCfg = Debug|Any CPU
		{D9D89509-951A-41DF-B66E-13D73EEF6BB5}.Debug|Any CPU.Build.0 = Debug|Any CPU
		{D9D89509-951A-41DF-B66E-13D73EEF6BB5}.Release|Any CPU.ActiveCfg = Release|Any CPU
		{D9D89509-951A-41DF-B66E-13D73EEF6BB5}.Release|Any CPU.Build.0 = Release|Any CPU
		{0179245B-8D08-4DFB-BB05-8B617FB69718}.Debug|Any CPU.ActiveCfg = Debug|Any CPU
		{0179245B-8D08-4DFB-BB05-8B617FB69718}.Debug|Any CPU.Build.0 = Debug|Any CPU
		{0179245B-8D08-4DFB-BB05-8B617FB69718}.Release|Any CPU.ActiveCfg = Release|Any CPU
		{0179245B-8D08-4DFB-BB05-8B617FB69718}.Release|Any CPU.Build.0 = Release|Any CPU
		{91D975FD-677D-41DB-8218-93D090CFAF81}.Debug|Any CPU.ActiveCfg = Debug|Any CPU
		{91D975FD-677D-41DB-8218-93D090CFAF81}.Debug|Any CPU.Build.0 = Debug|Any CPU
		{91D975FD-677D-41DB-8218-93D090CFAF81}.Release|Any CPU.ActiveCfg = Release|Any CPU
		{91D975FD-677D-41DB-8218-93D090CFAF81}.Release|Any CPU.Build.0 = Release|Any CPU
	EndGlobalSection
	GlobalSection(SolutionProperties) = preSolution
		HideSolutionNode = FALSE
	EndGlobalSection
	GlobalSection(ExtensibilityGlobals) = postSolution
		SolutionGuid = {528E7B45-CFC6-4709-B7AA-36FF3CC8FE1C}
	EndGlobalSection
EndGlobal
