
Microsoft Visual Studio Solution File, Format Version 12.00
# Visual Studio 15
VisualStudioVersion = 15.0.27428.2015
MinimumVisualStudioVersion = 10.0.40219.1
Project("{9A19103F-16F7-4668-BE54-9A1E7A4F7556}") = "01-HornetWings", "01-HornetWings\01-HornetWings.csproj", "{CFF0D57F-5899-4EC6-B5F3-7348D2002648}"
EndProject
Project("{9A19103F-16F7-4668-BE54-9A1E7A4F7556}") = "02-HornetComm", "02-HornetComm\02-HornetComm.csproj", "{AA91823A-FA92-4963-964E-7A1AA9C30F10}"
EndProject
Project("{9A19103F-16F7-4668-BE54-9A1E7A4F7556}") = "03-HornetAssault", "03-HornetAssault\03-HornetAssault.csproj", "{0956BCA3-0355-492B-935A-DD2E5ECCA91A}"
EndProject
Project("{FAE04EC0-301F-11D3-BF4B-00C04F79EFBC}") = "04-HornetArmada", "04-HornetArmada\04-HornetArmada.csproj", "{8724C135-B3FD-4BBF-AB2E-4DD1431CA447}"
EndProject
Global
	GlobalSection(SolutionConfigurationPlatforms) = preSolution
		Debug|Any CPU = Debug|Any CPU
		Release|Any CPU = Release|Any CPU
	EndGlobalSection
	GlobalSection(ProjectConfigurationPlatforms) = postSolution
		{CFF0D57F-5899-4EC6-B5F3-7348D2002648}.Debug|Any CPU.ActiveCfg = Debug|Any CPU
		{CFF0D57F-5899-4EC6-B5F3-7348D2002648}.Debug|Any CPU.Build.0 = Debug|Any CPU
		{CFF0D57F-5899-4EC6-B5F3-7348D2002648}.Release|Any CPU.ActiveCfg = Release|Any CPU
		{CFF0D57F-5899-4EC6-B5F3-7348D2002648}.Release|Any CPU.Build.0 = Release|Any CPU
		{AA91823A-FA92-4963-964E-7A1AA9C30F10}.Debug|Any CPU.ActiveCfg = Debug|Any CPU
		{AA91823A-FA92-4963-964E-7A1AA9C30F10}.Debug|Any CPU.Build.0 = Debug|Any CPU
		{AA91823A-FA92-4963-964E-7A1AA9C30F10}.Release|Any CPU.ActiveCfg = Release|Any CPU
		{AA91823A-FA92-4963-964E-7A1AA9C30F10}.Release|Any CPU.Build.0 = Release|Any CPU
		{0956BCA3-0355-492B-935A-DD2E5ECCA91A}.Debug|Any CPU.ActiveCfg = Debug|Any CPU
		{0956BCA3-0355-492B-935A-DD2E5ECCA91A}.Debug|Any CPU.Build.0 = Debug|Any CPU
		{0956BCA3-0355-492B-935A-DD2E5ECCA91A}.Release|Any CPU.ActiveCfg = Release|Any CPU
		{0956BCA3-0355-492B-935A-DD2E5ECCA91A}.Release|Any CPU.Build.0 = Release|Any CPU
		{8724C135-B3FD-4BBF-AB2E-4DD1431CA447}.Debug|Any CPU.ActiveCfg = Debug|Any CPU
		{8724C135-B3FD-4BBF-AB2E-4DD1431CA447}.Debug|Any CPU.Build.0 = Debug|Any CPU
		{8724C135-B3FD-4BBF-AB2E-4DD1431CA447}.Release|Any CPU.ActiveCfg = Release|Any CPU
		{8724C135-B3FD-4BBF-AB2E-4DD1431CA447}.Release|Any CPU.Build.0 = Release|Any CPU
	EndGlobalSection
	GlobalSection(SolutionProperties) = preSolution
		HideSolutionNode = FALSE
	EndGlobalSection
	GlobalSection(ExtensibilityGlobals) = postSolution
		SolutionGuid = {8940CB7B-D53C-4AC5-A84D-E7BA8440A014}
	EndGlobalSection
EndGlobal
