
Microsoft Visual Studio Solution File, Format Version 12.00
# Visual Studio 15
VisualStudioVersion = 15.0.27130.2027
MinimumVisualStudioVersion = 10.0.40219.1
Project("{FAE04EC0-301F-11D3-BF4B-00C04F79EFBC}") = "01-TypeBoundaries", "01-TypeBoundaries\01-TypeBoundaries.csproj", "{8CC27139-85FE-4D07-9ACA-739066305E4E}"
EndProject
Project("{FAE04EC0-301F-11D3-BF4B-00C04F79EFBC}") = "02-NumberChecker", "02-NumberChecker\02-NumberChecker.csproj", "{FB146D1A-0615-48A9-8C9A-BBD35D1E2453}"
EndProject
Project("{FAE04EC0-301F-11D3-BF4B-00C04F79EFBC}") = "03-WaterOverflow", "03-WaterOverflow\03-WaterOverflow.csproj", "{288910BD-53FE-41D3-8523-9C9B789EC9E1}"
EndProject
Project("{FAE04EC0-301F-11D3-BF4B-00C04F79EFBC}") = "04-TouristInformation", "04-TouristInformation\04-TouristInformation.csproj", "{CF6BA4F0-0677-49AE-A998-2598E21C6AE0}"
EndProject
Project("{FAE04EC0-301F-11D3-BF4B-00C04F79EFBC}") = "05-WeatherForecast", "05-WeatherForecast\05-WeatherForecast.csproj", "{2A7D8656-6797-4DC2-BB78-AB91F3548273}"
EndProject
Project("{FAE04EC0-301F-11D3-BF4B-00C04F79EFBC}") = "06-CatchTheThief", "06-CatchTheThief\06-CatchTheThief.csproj", "{BE314976-B933-455F-A5C3-A655A15350BB}"
EndProject
Project("{FAE04EC0-301F-11D3-BF4B-00C04F79EFBC}") = "07-SentenceTheThief", "07-SentenceTheThief\07-SentenceTheThief.csproj", "{7F436085-4C38-43CE-805A-DDD8EC708DBD}"
EndProject
Project("{FAE04EC0-301F-11D3-BF4B-00C04F79EFBC}") = "08-HouseBuilder", "08-HouseBuilder\08-HouseBuilder.csproj", "{C4FF0F8E-F105-4E2A-B2B8-B6C450232B73}"
EndProject
Project("{FAE04EC0-301F-11D3-BF4B-00C04F79EFBC}") = "09-MakeAWord", "09-MakeAWord\09-MakeAWord.csproj", "{FEB63CE3-2D36-4523-A076-C5CEF1E3E0B5}"
EndProject
Project("{FAE04EC0-301F-11D3-BF4B-00C04F79EFBC}") = "10-SumOfChars", "10-SumOfChars\10-SumOfChars.csproj", "{15892E6B-4AF1-4ADE-A198-B76EA89C36A6}"
EndProject
Project("{FAE04EC0-301F-11D3-BF4B-00C04F79EFBC}") = "11-StringConcatenation", "11-StringConcatenation\11-StringConcatenation.csproj", "{E673B38C-2457-41D9-8437-5014849DCE22}"
EndProject
Project("{FAE04EC0-301F-11D3-BF4B-00C04F79EFBC}") = "12-BeerKegs", "12-BeerKegs\12-BeerKegs.csproj", "{15D461E4-2F2D-4A9C-BF07-2624D0BAF3AC}"
EndProject
Project("{FAE04EC0-301F-11D3-BF4B-00C04F79EFBC}") = "13-DecryptingMessage", "13-DecryptingMessage\13-DecryptingMessage.csproj", "{0CF85948-2F75-4EEF-8100-CD0D75DDD248}"
EndProject
Project("{FAE04EC0-301F-11D3-BF4B-00C04F79EFBC}") = "14-BoatSimulator", "14-BoatSimulator\14-BoatSimulator.csproj", "{878AEB73-86F9-420D-93F7-68BF4783F5B0}"
EndProject
Project("{FAE04EC0-301F-11D3-BF4B-00C04F79EFBC}") = "15-BalancedBrackets", "15-BalancedBrackets\15-BalancedBrackets.csproj", "{62194C0A-8260-4A14-8724-FC349C88042E}"
EndProject
Global
	GlobalSection(SolutionConfigurationPlatforms) = preSolution
		Debug|Any CPU = Debug|Any CPU
		Release|Any CPU = Release|Any CPU
	EndGlobalSection
	GlobalSection(ProjectConfigurationPlatforms) = postSolution
		{99E25864-AD2C-4398-9680-130C0842005E}.Debug|Any CPU.ActiveCfg = Debug|Any CPU
		{99E25864-AD2C-4398-9680-130C0842005E}.Debug|Any CPU.Build.0 = Debug|Any CPU
		{99E25864-AD2C-4398-9680-130C0842005E}.Release|Any CPU.ActiveCfg = Release|Any CPU
		{99E25864-AD2C-4398-9680-130C0842005E}.Release|Any CPU.Build.0 = Release|Any CPU
		{3E6EEAD1-78D6-418F-83F7-55E1750316B5}.Debug|Any CPU.ActiveCfg = Debug|Any CPU
		{3E6EEAD1-78D6-418F-83F7-55E1750316B5}.Debug|Any CPU.Build.0 = Debug|Any CPU
		{3E6EEAD1-78D6-418F-83F7-55E1750316B5}.Release|Any CPU.ActiveCfg = Release|Any CPU
		{3E6EEAD1-78D6-418F-83F7-55E1750316B5}.Release|Any CPU.Build.0 = Release|Any CPU
		{F2DBACD0-F612-41F7-85E2-05C282751831}.Debug|Any CPU.ActiveCfg = Debug|Any CPU
		{F2DBACD0-F612-41F7-85E2-05C282751831}.Debug|Any CPU.Build.0 = Debug|Any CPU
		{F2DBACD0-F612-41F7-85E2-05C282751831}.Release|Any CPU.ActiveCfg = Release|Any CPU
		{F2DBACD0-F612-41F7-85E2-05C282751831}.Release|Any CPU.Build.0 = Release|Any CPU
		{B460CCCC-505D-4410-8DDC-44A3E0875BB4}.Debug|Any CPU.ActiveCfg = Debug|Any CPU
		{B460CCCC-505D-4410-8DDC-44A3E0875BB4}.Debug|Any CPU.Build.0 = Debug|Any CPU
		{B460CCCC-505D-4410-8DDC-44A3E0875BB4}.Release|Any CPU.ActiveCfg = Release|Any CPU
		{B460CCCC-505D-4410-8DDC-44A3E0875BB4}.Release|Any CPU.Build.0 = Release|Any CPU
		{246F0E7D-3E03-45B1-849E-69DA096B49C1}.Debug|Any CPU.ActiveCfg = Debug|Any CPU
		{246F0E7D-3E03-45B1-849E-69DA096B49C1}.Debug|Any CPU.Build.0 = Debug|Any CPU
		{246F0E7D-3E03-45B1-849E-69DA096B49C1}.Release|Any CPU.ActiveCfg = Release|Any CPU
		{246F0E7D-3E03-45B1-849E-69DA096B49C1}.Release|Any CPU.Build.0 = Release|Any CPU
		{C7834D94-9F3B-4C5F-9AA1-BBFE0953AC5D}.Debug|Any CPU.ActiveCfg = Debug|Any CPU
		{C7834D94-9F3B-4C5F-9AA1-BBFE0953AC5D}.Debug|Any CPU.Build.0 = Debug|Any CPU
		{C7834D94-9F3B-4C5F-9AA1-BBFE0953AC5D}.Release|Any CPU.ActiveCfg = Release|Any CPU
		{C7834D94-9F3B-4C5F-9AA1-BBFE0953AC5D}.Release|Any CPU.Build.0 = Release|Any CPU
		{570D6B48-6F3E-446C-B665-83C1BE675CD1}.Debug|Any CPU.ActiveCfg = Debug|Any CPU
		{570D6B48-6F3E-446C-B665-83C1BE675CD1}.Debug|Any CPU.Build.0 = Debug|Any CPU
		{570D6B48-6F3E-446C-B665-83C1BE675CD1}.Release|Any CPU.ActiveCfg = Release|Any CPU
		{570D6B48-6F3E-446C-B665-83C1BE675CD1}.Release|Any CPU.Build.0 = Release|Any CPU
		{779796CA-AB96-40FA-B567-3E11EBB4B50B}.Debug|Any CPU.ActiveCfg = Debug|Any CPU
		{779796CA-AB96-40FA-B567-3E11EBB4B50B}.Debug|Any CPU.Build.0 = Debug|Any CPU
		{779796CA-AB96-40FA-B567-3E11EBB4B50B}.Release|Any CPU.ActiveCfg = Release|Any CPU
		{779796CA-AB96-40FA-B567-3E11EBB4B50B}.Release|Any CPU.Build.0 = Release|Any CPU
		{ECB82E17-317A-416A-9236-86E413D3A2C9}.Debug|Any CPU.ActiveCfg = Debug|Any CPU
		{ECB82E17-317A-416A-9236-86E413D3A2C9}.Debug|Any CPU.Build.0 = Debug|Any CPU
		{ECB82E17-317A-416A-9236-86E413D3A2C9}.Release|Any CPU.ActiveCfg = Release|Any CPU
		{ECB82E17-317A-416A-9236-86E413D3A2C9}.Release|Any CPU.Build.0 = Release|Any CPU
		{4A302152-C20F-4131-9573-6DCFB015A856}.Debug|Any CPU.ActiveCfg = Debug|Any CPU
		{4A302152-C20F-4131-9573-6DCFB015A856}.Debug|Any CPU.Build.0 = Debug|Any CPU
		{4A302152-C20F-4131-9573-6DCFB015A856}.Release|Any CPU.ActiveCfg = Release|Any CPU
		{4A302152-C20F-4131-9573-6DCFB015A856}.Release|Any CPU.Build.0 = Release|Any CPU
		{B23D2F8B-F7D9-4A35-A83C-978F39BF1B69}.Debug|Any CPU.ActiveCfg = Debug|Any CPU
		{B23D2F8B-F7D9-4A35-A83C-978F39BF1B69}.Debug|Any CPU.Build.0 = Debug|Any CPU
		{B23D2F8B-F7D9-4A35-A83C-978F39BF1B69}.Release|Any CPU.ActiveCfg = Release|Any CPU
		{B23D2F8B-F7D9-4A35-A83C-978F39BF1B69}.Release|Any CPU.Build.0 = Release|Any CPU
		{85077BCB-844B-4AAF-BCDB-3E9376A18E89}.Debug|Any CPU.ActiveCfg = Debug|Any CPU
		{85077BCB-844B-4AAF-BCDB-3E9376A18E89}.Debug|Any CPU.Build.0 = Debug|Any CPU
		{85077BCB-844B-4AAF-BCDB-3E9376A18E89}.Release|Any CPU.ActiveCfg = Release|Any CPU
		{85077BCB-844B-4AAF-BCDB-3E9376A18E89}.Release|Any CPU.Build.0 = Release|Any CPU
		{6B6669F8-4441-4A1C-B346-0D23139EA87F}.Debug|Any CPU.ActiveCfg = Debug|Any CPU
		{6B6669F8-4441-4A1C-B346-0D23139EA87F}.Debug|Any CPU.Build.0 = Debug|Any CPU
		{6B6669F8-4441-4A1C-B346-0D23139EA87F}.Release|Any CPU.ActiveCfg = Release|Any CPU
		{6B6669F8-4441-4A1C-B346-0D23139EA87F}.Release|Any CPU.Build.0 = Release|Any CPU
		{CE0A489E-E320-4BC1-8171-8FE6FC0BB4A3}.Debug|Any CPU.ActiveCfg = Debug|Any CPU
		{CE0A489E-E320-4BC1-8171-8FE6FC0BB4A3}.Debug|Any CPU.Build.0 = Debug|Any CPU
		{CE0A489E-E320-4BC1-8171-8FE6FC0BB4A3}.Release|Any CPU.ActiveCfg = Release|Any CPU
		{CE0A489E-E320-4BC1-8171-8FE6FC0BB4A3}.Release|Any CPU.Build.0 = Release|Any CPU
		{4B3EC275-5367-4759-AE84-B440F4220E75}.Debug|Any CPU.ActiveCfg = Debug|Any CPU
		{4B3EC275-5367-4759-AE84-B440F4220E75}.Debug|Any CPU.Build.0 = Debug|Any CPU
		{4B3EC275-5367-4759-AE84-B440F4220E75}.Release|Any CPU.ActiveCfg = Release|Any CPU
		{4B3EC275-5367-4759-AE84-B440F4220E75}.Release|Any CPU.Build.0 = Release|Any CPU
		{598C2D69-C5EB-4788-BCB0-DE04E5D79604}.Debug|Any CPU.ActiveCfg = Debug|Any CPU
		{598C2D69-C5EB-4788-BCB0-DE04E5D79604}.Debug|Any CPU.Build.0 = Debug|Any CPU
		{598C2D69-C5EB-4788-BCB0-DE04E5D79604}.Release|Any CPU.ActiveCfg = Release|Any CPU
		{598C2D69-C5EB-4788-BCB0-DE04E5D79604}.Release|Any CPU.Build.0 = Release|Any CPU
		{2DB501BD-C6D6-4DD3-B0C0-C8BF12F1BBF5}.Debug|Any CPU.ActiveCfg = Debug|Any CPU
		{2DB501BD-C6D6-4DD3-B0C0-C8BF12F1BBF5}.Debug|Any CPU.Build.0 = Debug|Any CPU
		{2DB501BD-C6D6-4DD3-B0C0-C8BF12F1BBF5}.Release|Any CPU.ActiveCfg = Release|Any CPU
		{2DB501BD-C6D6-4DD3-B0C0-C8BF12F1BBF5}.Release|Any CPU.Build.0 = Release|Any CPU
		{06BD08D2-4EBC-4265-94A3-38CC015FE8AE}.Debug|Any CPU.ActiveCfg = Debug|Any CPU
		{06BD08D2-4EBC-4265-94A3-38CC015FE8AE}.Debug|Any CPU.Build.0 = Debug|Any CPU
		{06BD08D2-4EBC-4265-94A3-38CC015FE8AE}.Release|Any CPU.ActiveCfg = Release|Any CPU
		{06BD08D2-4EBC-4265-94A3-38CC015FE8AE}.Release|Any CPU.Build.0 = Release|Any CPU
		{62811BE2-5579-4F7B-BE04-35B6675C8A71}.Debug|Any CPU.ActiveCfg = Debug|Any CPU
		{62811BE2-5579-4F7B-BE04-35B6675C8A71}.Debug|Any CPU.Build.0 = Debug|Any CPU
		{62811BE2-5579-4F7B-BE04-35B6675C8A71}.Release|Any CPU.ActiveCfg = Release|Any CPU
		{62811BE2-5579-4F7B-BE04-35B6675C8A71}.Release|Any CPU.Build.0 = Release|Any CPU
		{8CC27139-85FE-4D07-9ACA-739066305E4E}.Debug|Any CPU.ActiveCfg = Debug|Any CPU
		{8CC27139-85FE-4D07-9ACA-739066305E4E}.Debug|Any CPU.Build.0 = Debug|Any CPU
		{8CC27139-85FE-4D07-9ACA-739066305E4E}.Release|Any CPU.ActiveCfg = Release|Any CPU
		{8CC27139-85FE-4D07-9ACA-739066305E4E}.Release|Any CPU.Build.0 = Release|Any CPU
		{FB146D1A-0615-48A9-8C9A-BBD35D1E2453}.Debug|Any CPU.ActiveCfg = Debug|Any CPU
		{FB146D1A-0615-48A9-8C9A-BBD35D1E2453}.Debug|Any CPU.Build.0 = Debug|Any CPU
		{FB146D1A-0615-48A9-8C9A-BBD35D1E2453}.Release|Any CPU.ActiveCfg = Release|Any CPU
		{FB146D1A-0615-48A9-8C9A-BBD35D1E2453}.Release|Any CPU.Build.0 = Release|Any CPU
		{288910BD-53FE-41D3-8523-9C9B789EC9E1}.Debug|Any CPU.ActiveCfg = Debug|Any CPU
		{288910BD-53FE-41D3-8523-9C9B789EC9E1}.Debug|Any CPU.Build.0 = Debug|Any CPU
		{288910BD-53FE-41D3-8523-9C9B789EC9E1}.Release|Any CPU.ActiveCfg = Release|Any CPU
		{288910BD-53FE-41D3-8523-9C9B789EC9E1}.Release|Any CPU.Build.0 = Release|Any CPU
		{CF6BA4F0-0677-49AE-A998-2598E21C6AE0}.Debug|Any CPU.ActiveCfg = Debug|Any CPU
		{CF6BA4F0-0677-49AE-A998-2598E21C6AE0}.Debug|Any CPU.Build.0 = Debug|Any CPU
		{CF6BA4F0-0677-49AE-A998-2598E21C6AE0}.Release|Any CPU.ActiveCfg = Release|Any CPU
		{CF6BA4F0-0677-49AE-A998-2598E21C6AE0}.Release|Any CPU.Build.0 = Release|Any CPU
		{2A7D8656-6797-4DC2-BB78-AB91F3548273}.Debug|Any CPU.ActiveCfg = Debug|Any CPU
		{2A7D8656-6797-4DC2-BB78-AB91F3548273}.Debug|Any CPU.Build.0 = Debug|Any CPU
		{2A7D8656-6797-4DC2-BB78-AB91F3548273}.Release|Any CPU.ActiveCfg = Release|Any CPU
		{2A7D8656-6797-4DC2-BB78-AB91F3548273}.Release|Any CPU.Build.0 = Release|Any CPU
		{BE314976-B933-455F-A5C3-A655A15350BB}.Debug|Any CPU.ActiveCfg = Debug|Any CPU
		{BE314976-B933-455F-A5C3-A655A15350BB}.Debug|Any CPU.Build.0 = Debug|Any CPU
		{BE314976-B933-455F-A5C3-A655A15350BB}.Release|Any CPU.ActiveCfg = Release|Any CPU
		{BE314976-B933-455F-A5C3-A655A15350BB}.Release|Any CPU.Build.0 = Release|Any CPU
		{7F436085-4C38-43CE-805A-DDD8EC708DBD}.Debug|Any CPU.ActiveCfg = Debug|Any CPU
		{7F436085-4C38-43CE-805A-DDD8EC708DBD}.Debug|Any CPU.Build.0 = Debug|Any CPU
		{7F436085-4C38-43CE-805A-DDD8EC708DBD}.Release|Any CPU.ActiveCfg = Release|Any CPU
		{7F436085-4C38-43CE-805A-DDD8EC708DBD}.Release|Any CPU.Build.0 = Release|Any CPU
		{C4FF0F8E-F105-4E2A-B2B8-B6C450232B73}.Debug|Any CPU.ActiveCfg = Debug|Any CPU
		{C4FF0F8E-F105-4E2A-B2B8-B6C450232B73}.Debug|Any CPU.Build.0 = Debug|Any CPU
		{C4FF0F8E-F105-4E2A-B2B8-B6C450232B73}.Release|Any CPU.ActiveCfg = Release|Any CPU
		{C4FF0F8E-F105-4E2A-B2B8-B6C450232B73}.Release|Any CPU.Build.0 = Release|Any CPU
		{FEB63CE3-2D36-4523-A076-C5CEF1E3E0B5}.Debug|Any CPU.ActiveCfg = Debug|Any CPU
		{FEB63CE3-2D36-4523-A076-C5CEF1E3E0B5}.Debug|Any CPU.Build.0 = Debug|Any CPU
		{FEB63CE3-2D36-4523-A076-C5CEF1E3E0B5}.Release|Any CPU.ActiveCfg = Release|Any CPU
		{FEB63CE3-2D36-4523-A076-C5CEF1E3E0B5}.Release|Any CPU.Build.0 = Release|Any CPU
		{15892E6B-4AF1-4ADE-A198-B76EA89C36A6}.Debug|Any CPU.ActiveCfg = Debug|Any CPU
		{15892E6B-4AF1-4ADE-A198-B76EA89C36A6}.Debug|Any CPU.Build.0 = Debug|Any CPU
		{15892E6B-4AF1-4ADE-A198-B76EA89C36A6}.Release|Any CPU.ActiveCfg = Release|Any CPU
		{15892E6B-4AF1-4ADE-A198-B76EA89C36A6}.Release|Any CPU.Build.0 = Release|Any CPU
		{E673B38C-2457-41D9-8437-5014849DCE22}.Debug|Any CPU.ActiveCfg = Debug|Any CPU
		{E673B38C-2457-41D9-8437-5014849DCE22}.Debug|Any CPU.Build.0 = Debug|Any CPU
		{E673B38C-2457-41D9-8437-5014849DCE22}.Release|Any CPU.ActiveCfg = Release|Any CPU
		{E673B38C-2457-41D9-8437-5014849DCE22}.Release|Any CPU.Build.0 = Release|Any CPU
		{15D461E4-2F2D-4A9C-BF07-2624D0BAF3AC}.Debug|Any CPU.ActiveCfg = Debug|Any CPU
		{15D461E4-2F2D-4A9C-BF07-2624D0BAF3AC}.Debug|Any CPU.Build.0 = Debug|Any CPU
		{15D461E4-2F2D-4A9C-BF07-2624D0BAF3AC}.Release|Any CPU.ActiveCfg = Release|Any CPU
		{15D461E4-2F2D-4A9C-BF07-2624D0BAF3AC}.Release|Any CPU.Build.0 = Release|Any CPU
		{0CF85948-2F75-4EEF-8100-CD0D75DDD248}.Debug|Any CPU.ActiveCfg = Debug|Any CPU
		{0CF85948-2F75-4EEF-8100-CD0D75DDD248}.Debug|Any CPU.Build.0 = Debug|Any CPU
		{0CF85948-2F75-4EEF-8100-CD0D75DDD248}.Release|Any CPU.ActiveCfg = Release|Any CPU
		{0CF85948-2F75-4EEF-8100-CD0D75DDD248}.Release|Any CPU.Build.0 = Release|Any CPU
		{878AEB73-86F9-420D-93F7-68BF4783F5B0}.Debug|Any CPU.ActiveCfg = Debug|Any CPU
		{878AEB73-86F9-420D-93F7-68BF4783F5B0}.Debug|Any CPU.Build.0 = Debug|Any CPU
		{878AEB73-86F9-420D-93F7-68BF4783F5B0}.Release|Any CPU.ActiveCfg = Release|Any CPU
		{878AEB73-86F9-420D-93F7-68BF4783F5B0}.Release|Any CPU.Build.0 = Release|Any CPU
		{62194C0A-8260-4A14-8724-FC349C88042E}.Debug|Any CPU.ActiveCfg = Debug|Any CPU
		{62194C0A-8260-4A14-8724-FC349C88042E}.Debug|Any CPU.Build.0 = Debug|Any CPU
		{62194C0A-8260-4A14-8724-FC349C88042E}.Release|Any CPU.ActiveCfg = Release|Any CPU
		{62194C0A-8260-4A14-8724-FC349C88042E}.Release|Any CPU.Build.0 = Release|Any CPU
	EndGlobalSection
	GlobalSection(SolutionProperties) = preSolution
		HideSolutionNode = FALSE
	EndGlobalSection
	GlobalSection(ExtensibilityGlobals) = postSolution
		SolutionGuid = {A152B16C-02E7-4993-845F-8D7466FAB48A}
	EndGlobalSection
EndGlobal
